
Microsoft Visual Studio Solution File, Format Version 12.00
# Visual Studio Version 17
VisualStudioVersion = 17.0.31903.59
MinimumVisualStudioVersion = 10.0.40219.1
Project("{2150E333-8FDC-42A3-9474-1A3956D46DE8}") = "Core", "Core", "{FBF56CC3-7AE6-AD2D-3F14-7F97FD322CD6}"
EndProject
Project("{FAE04EC0-301F-11D3-BF4B-00C04F79EFBC}") = "CheckInSystem.DTO", "Core\CheckInSystem.DTO\CheckInSystem.DTO.csproj", "{DD386F8E-0A9E-4F10-83D8-D14AD35ECC24}"
EndProject
Project("{FAE04EC0-301F-11D3-BF4B-00C04F79EFBC}") = "CheckInSystem.Business", "Core\CheckInSystem.Business\CheckInSystem.Business.csproj", "{091B91FE-ACAC-4949-9DA6-A33FD231FC96}"
EndProject
Project("{FAE04EC0-301F-11D3-BF4B-00C04F79EFBC}") = "CheckInSystem.Data", "Core\CheckInSystem.Data\CheckInSystem.Data.csproj", "{E11697F4-3962-4958-A773-A91BE36AA4E9}"
EndProject
Project("{2150E333-8FDC-42A3-9474-1A3956D46DE8}") = "Server", "Server", "{DAD03CFC-D5FA-AC94-41C7-9ABAB326F09E}"
EndProject
Project("{FAE04EC0-301F-11D3-BF4B-00C04F79EFBC}") = "CheckInServer.API", "Server\CheckInServer.API\CheckInServer.API.csproj", "{E5DAECA3-9000-44E8-A630-3964CFE7048E}"
EndProject
Project("{FAE04EC0-301F-11D3-BF4B-00C04F79EFBC}") = "CheckInServer.Socket", "Server\CheckInServer.Socket\CheckInServer.Socket.csproj", "{BB712356-858C-4BE8-9DDE-EEECE4CE958A}"
EndProject
Project("{2150E333-8FDC-42A3-9474-1A3956D46DE8}") = "UI", "UI", "{2CB42F12-E813-91B3-7D11-3220E40BEF4A}"
EndProject
Project("{FAE04EC0-301F-11D3-BF4B-00C04F79EFBC}") = "CheckInApp.Forms", "Client\CheckInApp.Forms\CheckInApp.Forms.csproj", "{A0C0A4D4-3545-4140-8AD5-AB56A3432A6D}"
EndProject
Project("{2150E333-8FDC-42A3-9474-1A3956D46DE8}") = "Tests", "Tests", "{0AB3BF05-4346-4AA6-1389-037BE0695223}"
EndProject
Project("{FAE04EC0-301F-11D3-BF4B-00C04F79EFBC}") = "CheckInSystem.Tests", "Tests\CheckInSystem.Tests\CheckInSystem.Tests.csproj", "{90F589E8-EF6F-447B-89D0-5EBD09541A52}"
EndProject
Project("{FAE04EC0-301F-11D3-BF4B-00C04F79EFBC}") = "DeparturesDisplay", "DeparturesDisplay\DeparturesDisplay.csproj", "{42F19266-32B8-79B1-D403-90E86E9BA69D}"
EndProject
Project("{FAE04EC0-301F-11D3-BF4B-00C04F79EFBC}") = "TestClient", "TestClient\TestClient.csproj", "{276735E9-BA5A-66C3-60CF-767B64B14C53}"
EndProject
Global
	GlobalSection(SolutionConfigurationPlatforms) = preSolution
		Debug|Any CPU = Debug|Any CPU
		Debug|x64 = Debug|x64
		Debug|x86 = Debug|x86
		Release|Any CPU = Release|Any CPU
		Release|x64 = Release|x64
		Release|x86 = Release|x86
	EndGlobalSection
	GlobalSection(ProjectConfigurationPlatforms) = postSolution
		{DD386F8E-0A9E-4F10-83D8-D14AD35ECC24}.Debug|Any CPU.ActiveCfg = Debug|Any CPU
		{DD386F8E-0A9E-4F10-83D8-D14AD35ECC24}.Debug|Any CPU.Build.0 = Debug|Any CPU
		{DD386F8E-0A9E-4F10-83D8-D14AD35ECC24}.Debug|x64.ActiveCfg = Debug|Any CPU
		{DD386F8E-0A9E-4F10-83D8-D14AD35ECC24}.Debug|x64.Build.0 = Debug|Any CPU
		{DD386F8E-0A9E-4F10-83D8-D14AD35ECC24}.Debug|x86.ActiveCfg = Debug|Any CPU
		{DD386F8E-0A9E-4F10-83D8-D14AD35ECC24}.Debug|x86.Build.0 = Debug|Any CPU
		{DD386F8E-0A9E-4F10-83D8-D14AD35ECC24}.Release|Any CPU.ActiveCfg = Release|Any CPU
		{DD386F8E-0A9E-4F10-83D8-D14AD35ECC24}.Release|Any CPU.Build.0 = Release|Any CPU
		{DD386F8E-0A9E-4F10-83D8-D14AD35ECC24}.Release|x64.ActiveCfg = Release|Any CPU
		{DD386F8E-0A9E-4F10-83D8-D14AD35ECC24}.Release|x64.Build.0 = Release|Any CPU
		{DD386F8E-0A9E-4F10-83D8-D14AD35ECC24}.Release|x86.ActiveCfg = Release|Any CPU
		{DD386F8E-0A9E-4F10-83D8-D14AD35ECC24}.Release|x86.Build.0 = Release|Any CPU
		{091B91FE-ACAC-4949-9DA6-A33FD231FC96}.Debug|Any CPU.ActiveCfg = Debug|Any CPU
		{091B91FE-ACAC-4949-9DA6-A33FD231FC96}.Debug|Any CPU.Build.0 = Debug|Any CPU
		{091B91FE-ACAC-4949-9DA6-A33FD231FC96}.Debug|x64.ActiveCfg = Debug|Any CPU
		{091B91FE-ACAC-4949-9DA6-A33FD231FC96}.Debug|x64.Build.0 = Debug|Any CPU
		{091B91FE-ACAC-4949-9DA6-A33FD231FC96}.Debug|x86.ActiveCfg = Debug|Any CPU
		{091B91FE-ACAC-4949-9DA6-A33FD231FC96}.Debug|x86.Build.0 = Debug|Any CPU
		{091B91FE-ACAC-4949-9DA6-A33FD231FC96}.Release|Any CPU.ActiveCfg = Release|Any CPU
		{091B91FE-ACAC-4949-9DA6-A33FD231FC96}.Release|Any CPU.Build.0 = Release|Any CPU
		{091B91FE-ACAC-4949-9DA6-A33FD231FC96}.Release|x64.ActiveCfg = Release|Any CPU
		{091B91FE-ACAC-4949-9DA6-A33FD231FC96}.Release|x64.Build.0 = Release|Any CPU
		{091B91FE-ACAC-4949-9DA6-A33FD231FC96}.Release|x86.ActiveCfg = Release|Any CPU
		{091B91FE-ACAC-4949-9DA6-A33FD231FC96}.Release|x86.Build.0 = Release|Any CPU
		{E11697F4-3962-4958-A773-A91BE36AA4E9}.Debug|Any CPU.ActiveCfg = Debug|Any CPU
		{E11697F4-3962-4958-A773-A91BE36AA4E9}.Debug|Any CPU.Build.0 = Debug|Any CPU
		{E11697F4-3962-4958-A773-A91BE36AA4E9}.Debug|x64.ActiveCfg = Debug|Any CPU
		{E11697F4-3962-4958-A773-A91BE36AA4E9}.Debug|x64.Build.0 = Debug|Any CPU
		{E11697F4-3962-4958-A773-A91BE36AA4E9}.Debug|x86.ActiveCfg = Debug|Any CPU
		{E11697F4-3962-4958-A773-A91BE36AA4E9}.Debug|x86.Build.0 = Debug|Any CPU
		{E11697F4-3962-4958-A773-A91BE36AA4E9}.Release|Any CPU.ActiveCfg = Release|Any CPU
		{E11697F4-3962-4958-A773-A91BE36AA4E9}.Release|Any CPU.Build.0 = Release|Any CPU
		{E11697F4-3962-4958-A773-A91BE36AA4E9}.Release|x64.ActiveCfg = Release|Any CPU
		{E11697F4-3962-4958-A773-A91BE36AA4E9}.Release|x64.Build.0 = Release|Any CPU
		{E11697F4-3962-4958-A773-A91BE36AA4E9}.Release|x86.ActiveCfg = Release|Any CPU
		{E11697F4-3962-4958-A773-A91BE36AA4E9}.Release|x86.Build.0 = Release|Any CPU
		{E5DAECA3-9000-44E8-A630-3964CFE7048E}.Debug|Any CPU.ActiveCfg = Debug|Any CPU
		{E5DAECA3-9000-44E8-A630-3964CFE7048E}.Debug|Any CPU.Build.0 = Debug|Any CPU
		{E5DAECA3-9000-44E8-A630-3964CFE7048E}.Debug|x64.ActiveCfg = Debug|Any CPU
		{E5DAECA3-9000-44E8-A630-3964CFE7048E}.Debug|x64.Build.0 = Debug|Any CPU
		{E5DAECA3-9000-44E8-A630-3964CFE7048E}.Debug|x86.ActiveCfg = Debug|Any CPU
		{E5DAECA3-9000-44E8-A630-3964CFE7048E}.Debug|x86.Build.0 = Debug|Any CPU
		{E5DAECA3-9000-44E8-A630-3964CFE7048E}.Release|Any CPU.ActiveCfg = Release|Any CPU
		{E5DAECA3-9000-44E8-A630-3964CFE7048E}.Release|Any CPU.Build.0 = Release|Any CPU
		{E5DAECA3-9000-44E8-A630-3964CFE7048E}.Release|x64.ActiveCfg = Release|Any CPU
		{E5DAECA3-9000-44E8-A630-3964CFE7048E}.Release|x64.Build.0 = Release|Any CPU
		{E5DAECA3-9000-44E8-A630-3964CFE7048E}.Release|x86.ActiveCfg = Release|Any CPU
		{E5DAECA3-9000-44E8-A630-3964CFE7048E}.Release|x86.Build.0 = Release|Any CPU
		{BB712356-858C-4BE8-9DDE-EEECE4CE958A}.Debug|Any CPU.ActiveCfg = Debug|Any CPU
		{BB712356-858C-4BE8-9DDE-EEECE4CE958A}.Debug|Any CPU.Build.0 = Debug|Any CPU
		{BB712356-858C-4BE8-9DDE-EEECE4CE958A}.Debug|x64.ActiveCfg = Debug|Any CPU
		{BB712356-858C-4BE8-9DDE-EEECE4CE958A}.Debug|x64.Build.0 = Debug|Any CPU
		{BB712356-858C-4BE8-9DDE-EEECE4CE958A}.Debug|x86.ActiveCfg = Debug|Any CPU
		{BB712356-858C-4BE8-9DDE-EEECE4CE958A}.Debug|x86.Build.0 = Debug|Any CPU
		{BB712356-858C-4BE8-9DDE-EEECE4CE958A}.Release|Any CPU.ActiveCfg = Release|Any CPU
		{BB712356-858C-4BE8-9DDE-EEECE4CE958A}.Release|Any CPU.Build.0 = Release|Any CPU
		{BB712356-858C-4BE8-9DDE-EEECE4CE958A}.Release|x64.ActiveCfg = Release|Any CPU
		{BB712356-858C-4BE8-9DDE-EEECE4CE958A}.Release|x64.Build.0 = Release|Any CPU
		{BB712356-858C-4BE8-9DDE-EEECE4CE958A}.Release|x86.ActiveCfg = Release|Any CPU
		{BB712356-858C-4BE8-9DDE-EEECE4CE958A}.Release|x86.Build.0 = Release|Any CPU
		{A0C0A4D4-3545-4140-8AD5-AB56A3432A6D}.Debug|Any CPU.ActiveCfg = Debug|Any CPU
		{A0C0A4D4-3545-4140-8AD5-AB56A3432A6D}.Debug|Any CPU.Build.0 = Debug|Any CPU
		{A0C0A4D4-3545-4140-8AD5-AB56A3432A6D}.Debug|x64.ActiveCfg = Debug|Any CPU
		{A0C0A4D4-3545-4140-8AD5-AB56A3432A6D}.Debug|x64.Build.0 = Debug|Any CPU
		{A0C0A4D4-3545-4140-8AD5-AB56A3432A6D}.Debug|x86.ActiveCfg = Debug|Any CPU
		{A0C0A4D4-3545-4140-8AD5-AB56A3432A6D}.Debug|x86.Build.0 = Debug|Any CPU
		{A0C0A4D4-3545-4140-8AD5-AB56A3432A6D}.Release|Any CPU.ActiveCfg = Release|Any CPU
		{A0C0A4D4-3545-4140-8AD5-AB56A3432A6D}.Release|Any CPU.Build.0 = Release|Any CPU
		{A0C0A4D4-3545-4140-8AD5-AB56A3432A6D}.Release|x64.ActiveCfg = Release|Any CPU
		{A0C0A4D4-3545-4140-8AD5-AB56A3432A6D}.Release|x64.Build.0 = Release|Any CPU
		{A0C0A4D4-3545-4140-8AD5-AB56A3432A6D}.Release|x86.ActiveCfg = Release|Any CPU
		{A0C0A4D4-3545-4140-8AD5-AB56A3432A6D}.Release|x86.Build.0 = Release|Any CPU
		{90F589E8-EF6F-447B-89D0-5EBD09541A52}.Debug|Any CPU.ActiveCfg = Debug|Any CPU
		{90F589E8-EF6F-447B-89D0-5EBD09541A52}.Debug|Any CPU.Build.0 = Debug|Any CPU
		{90F589E8-EF6F-447B-89D0-5EBD09541A52}.Debug|x64.ActiveCfg = Debug|Any CPU
		{90F589E8-EF6F-447B-89D0-5EBD09541A52}.Debug|x64.Build.0 = Debug|Any CPU
		{90F589E8-EF6F-447B-89D0-5EBD09541A52}.Debug|x86.ActiveCfg = Debug|Any CPU
		{90F589E8-EF6F-447B-89D0-5EBD09541A52}.Debug|x86.Build.0 = Debug|Any CPU
		{90F589E8-EF6F-447B-89D0-5EBD09541A52}.Release|Any CPU.ActiveCfg = Release|Any CPU
		{90F589E8-EF6F-447B-89D0-5EBD09541A52}.Release|Any CPU.Build.0 = Release|Any CPU
		{90F589E8-EF6F-447B-89D0-5EBD09541A52}.Release|x64.ActiveCfg = Release|Any CPU
		{90F589E8-EF6F-447B-89D0-5EBD09541A52}.Release|x64.Build.0 = Release|Any CPU
		{90F589E8-EF6F-447B-89D0-5EBD09541A52}.Release|x86.ActiveCfg = Release|Any CPU
		{90F589E8-EF6F-447B-89D0-5EBD09541A52}.Release|x86.Build.0 = Release|Any CPU
		{42F19266-32B8-79B1-D403-90E86E9BA69D}.Debug|Any CPU.ActiveCfg = Debug|Any CPU
		{42F19266-32B8-79B1-D403-90E86E9BA69D}.Debug|Any CPU.Build.0 = Debug|Any CPU
		{42F19266-32B8-79B1-D403-90E86E9BA69D}.Debug|x64.ActiveCfg = Debug|Any CPU
		{42F19266-32B8-79B1-D403-90E86E9BA69D}.Debug|x64.Build.0 = Debug|Any CPU
		{42F19266-32B8-79B1-D403-90E86E9BA69D}.Debug|x86.ActiveCfg = Debug|Any CPU
		{42F19266-32B8-79B1-D403-90E86E9BA69D}.Debug|x86.Build.0 = Debug|Any CPU
		{42F19266-32B8-79B1-D403-90E86E9BA69D}.Release|Any CPU.ActiveCfg = Release|Any CPU
		{42F19266-32B8-79B1-D403-90E86E9BA69D}.Release|Any CPU.Build.0 = Release|Any CPU
		{42F19266-32B8-79B1-D403-90E86E9BA69D}.Release|x64.ActiveCfg = Release|Any CPU
		{42F19266-32B8-79B1-D403-90E86E9BA69D}.Release|x64.Build.0 = Release|Any CPU
		{42F19266-32B8-79B1-D403-90E86E9BA69D}.Release|x86.ActiveCfg = Release|Any CPU
		{42F19266-32B8-79B1-D403-90E86E9BA69D}.Release|x86.Build.0 = Release|Any CPU
		{276735E9-BA5A-66C3-60CF-767B64B14C53}.Debug|Any CPU.ActiveCfg = Debug|Any CPU
		{276735E9-BA5A-66C3-60CF-767B64B14C53}.Debug|Any CPU.Build.0 = Debug|Any CPU
		{276735E9-BA5A-66C3-60CF-767B64B14C53}.Debug|x64.ActiveCfg = Debug|Any CPU
		{276735E9-BA5A-66C3-60CF-767B64B14C53}.Debug|x64.Build.0 = Debug|Any CPU
		{276735E9-BA5A-66C3-60CF-767B64B14C53}.Debug|x86.ActiveCfg = Debug|Any CPU
		{276735E9-BA5A-66C3-60CF-767B64B14C53}.Debug|x86.Build.0 = Debug|Any CPU
		{276735E9-BA5A-66C3-60CF-767B64B14C53}.Release|Any CPU.ActiveCfg = Release|Any CPU
		{276735E9-BA5A-66C3-60CF-767B64B14C53}.Release|Any CPU.Build.0 = Release|Any CPU
		{276735E9-BA5A-66C3-60CF-767B64B14C53}.Release|x64.ActiveCfg = Release|Any CPU
		{276735E9-BA5A-66C3-60CF-767B64B14C53}.Release|x64.Build.0 = Release|Any CPU
		{276735E9-BA5A-66C3-60CF-767B64B14C53}.Release|x86.ActiveCfg = Release|Any CPU
		{276735E9-BA5A-66C3-60CF-767B64B14C53}.Release|x86.Build.0 = Release|Any CPU
	EndGlobalSection
	GlobalSection(SolutionProperties) = preSolution
		HideSolutionNode = FALSE
	EndGlobalSection
	GlobalSection(NestedProjects) = preSolution
		{DD386F8E-0A9E-4F10-83D8-D14AD35ECC24} = {FBF56CC3-7AE6-AD2D-3F14-7F97FD322CD6}
		{091B91FE-ACAC-4949-9DA6-A33FD231FC96} = {FBF56CC3-7AE6-AD2D-3F14-7F97FD322CD6}
		{E11697F4-3962-4958-A773-A91BE36AA4E9} = {FBF56CC3-7AE6-AD2D-3F14-7F97FD322CD6}
		{E5DAECA3-9000-44E8-A630-3964CFE7048E} = {DAD03CFC-D5FA-AC94-41C7-9ABAB326F09E}
		{BB712356-858C-4BE8-9DDE-EEECE4CE958A} = {DAD03CFC-D5FA-AC94-41C7-9ABAB326F09E}
		{A0C0A4D4-3545-4140-8AD5-AB56A3432A6D} = {2CB42F12-E813-91B3-7D11-3220E40BEF4A}
		{90F589E8-EF6F-447B-89D0-5EBD09541A52} = {0AB3BF05-4346-4AA6-1389-037BE0695223}
	EndGlobalSection
	GlobalSection(ExtensibilityGlobals) = postSolution
		SolutionGuid = {886DE5A4-CFCD-42A4-A798-FBFFCC5CFAA4}
	EndGlobalSection
EndGlobal
